
Microsoft Visual Studio Solution File, Format Version 12.00
# Visual Studio Version 16
VisualStudioVersion = 16.0.29521.150
MinimumVisualStudioVersion = 15.0.26124.0
Project("{2150E333-8FDC-42A3-9474-1A3956D46DE8}") = "src", "src", "{E49898F1-4637-4877-9AB6-DB3DD52C1CC5}"
EndProject
Project("{9A19103F-16F7-4668-BE54-9A1E7A4F7556}") = "WebApi", "src\WebApi\WebApi.csproj", "{FF894020-403C-4CBF-920A-AE7AF76CE524}"
	ProjectSection(ProjectDependencies) = postProject
		{68FB1BD1-68C2-4CD2-BCBE-E7536DB20F52} = {68FB1BD1-68C2-4CD2-BCBE-E7536DB20F52}
	EndProjectSection
EndProject
Project("{9092AA53-FB77-4645-B42D-1CCCA6BD08BD}") = "WebClient", "src\WebClient\WebClient.njsproj", "{68FB1BD1-68C2-4CD2-BCBE-E7536DB20F52}"
EndProject
Global
	GlobalSection(SolutionConfigurationPlatforms) = preSolution
		Debug|Any CPU = Debug|Any CPU
		Debug|x64 = Debug|x64
		Debug|x86 = Debug|x86
		Release|Any CPU = Release|Any CPU
		Release|x64 = Release|x64
		Release|x86 = Release|x86
	EndGlobalSection
	GlobalSection(ProjectConfigurationPlatforms) = postSolution
		{FF894020-403C-4CBF-920A-AE7AF76CE524}.Debug|Any CPU.ActiveCfg = Debug|Any CPU
		{FF894020-403C-4CBF-920A-AE7AF76CE524}.Debug|Any CPU.Build.0 = Debug|Any CPU
		{FF894020-403C-4CBF-920A-AE7AF76CE524}.Debug|x64.ActiveCfg = Debug|Any CPU
		{FF894020-403C-4CBF-920A-AE7AF76CE524}.Debug|x64.Build.0 = Debug|Any CPU
		{FF894020-403C-4CBF-920A-AE7AF76CE524}.Debug|x86.ActiveCfg = Debug|Any CPU
		{FF894020-403C-4CBF-920A-AE7AF76CE524}.Debug|x86.Build.0 = Debug|Any CPU
		{FF894020-403C-4CBF-920A-AE7AF76CE524}.Release|Any CPU.ActiveCfg = Release|Any CPU
		{FF894020-403C-4CBF-920A-AE7AF76CE524}.Release|Any CPU.Build.0 = Release|Any CPU
		{FF894020-403C-4CBF-920A-AE7AF76CE524}.Release|x64.ActiveCfg = Release|Any CPU
		{FF894020-403C-4CBF-920A-AE7AF76CE524}.Release|x64.Build.0 = Release|Any CPU
		{FF894020-403C-4CBF-920A-AE7AF76CE524}.Release|x86.ActiveCfg = Release|Any CPU
		{FF894020-403C-4CBF-920A-AE7AF76CE524}.Release|x86.Build.0 = Release|Any CPU
		{68FB1BD1-68C2-4CD2-BCBE-E7536DB20F52}.Debug|Any CPU.ActiveCfg = Debug|Any CPU
		{68FB1BD1-68C2-4CD2-BCBE-E7536DB20F52}.Debug|Any CPU.Build.0 = Debug|Any CPU
		{68FB1BD1-68C2-4CD2-BCBE-E7536DB20F52}.Debug|x64.ActiveCfg = Debug|Any CPU
		{68FB1BD1-68C2-4CD2-BCBE-E7536DB20F52}.Debug|x64.Build.0 = Debug|Any CPU
		{68FB1BD1-68C2-4CD2-BCBE-E7536DB20F52}.Debug|x86.ActiveCfg = Debug|Any CPU
		{68FB1BD1-68C2-4CD2-BCBE-E7536DB20F52}.Debug|x86.Build.0 = Debug|Any CPU
		{68FB1BD1-68C2-4CD2-BCBE-E7536DB20F52}.Release|Any CPU.ActiveCfg = Release|Any CPU
		{68FB1BD1-68C2-4CD2-BCBE-E7536DB20F52}.Release|Any CPU.Build.0 = Release|Any CPU
		{68FB1BD1-68C2-4CD2-BCBE-E7536DB20F52}.Release|x64.ActiveCfg = Release|Any CPU
		{68FB1BD1-68C2-4CD2-BCBE-E7536DB20F52}.Release|x64.Build.0 = Release|Any CPU
		{68FB1BD1-68C2-4CD2-BCBE-E7536DB20F52}.Release|x86.ActiveCfg = Release|Any CPU
		{68FB1BD1-68C2-4CD2-BCBE-E7536DB20F52}.Release|x86.Build.0 = Release|Any CPU
	EndGlobalSection
	GlobalSection(SolutionProperties) = preSolution
		HideSolutionNode = FALSE
	EndGlobalSection
	GlobalSection(NestedProjects) = preSolution
		{FF894020-403C-4CBF-920A-AE7AF76CE524} = {E49898F1-4637-4877-9AB6-DB3DD52C1CC5}
		{68FB1BD1-68C2-4CD2-BCBE-E7536DB20F52} = {E49898F1-4637-4877-9AB6-DB3DD52C1CC5}
	EndGlobalSection
	GlobalSection(ExtensibilityGlobals) = postSolution
		SolutionGuid = {4E391CA6-0128-471F-84AF-3DE06D6BD9EE}
	EndGlobalSection
EndGlobal
